// !$*UTF8*$!
{
	archiveVersion = 1;
	classes = {
	};
	objectVersion = 50;
	objects = {

/* Begin PBXBuildFile section */
		024DF6822295DE3600F9DC93 /* AppDelegate.m in Sources */ = {isa = PBXBuildFile; fileRef = 024DF6812295DE3600F9DC93 /* AppDelegate.m */; };
		024DF6882295DE3600F9DC93 /* Main.storyboard in Resources */ = {isa = PBXBuildFile; fileRef = 024DF6862295DE3600F9DC93 /* Main.storyboard */; };
		024DF68A2295DE3700F9DC93 /* Assets.xcassets in Resources */ = {isa = PBXBuildFile; fileRef = 024DF6892295DE3700F9DC93 /* Assets.xcassets */; };
		024DF68D2295DE3700F9DC93 /* LaunchScreen.storyboard in Resources */ = {isa = PBXBuildFile; fileRef = 024DF68B2295DE3700F9DC93 /* LaunchScreen.storyboard */; };
		024DF6902295DE3700F9DC93 /* main.m in Sources */ = {isa = PBXBuildFile; fileRef = 024DF68F2295DE3700F9DC93 /* main.m */; };
		024DF6992295DF3800F9DC93 /* SRHBreed.m in Sources */ = {isa = PBXBuildFile; fileRef = 024DF6982295DF3800F9DC93 /* SRHBreed.m */; };
		024DF69C2295E30F00F9DC93 /* SRHSubBreed.m in Sources */ = {isa = PBXBuildFile; fileRef = 024DF69B2295E30F00F9DC93 /* SRHSubBreed.m */; };
		024DF6A12295EC0C00F9DC93 /* SRHBreedController.m in Sources */ = {isa = PBXBuildFile; fileRef = 024DF6A02295EC0C00F9DC93 /* SRHBreedController.m */; };
		024DF6A52295FB1500F9DC93 /* BreedTableViewController.swift in Sources */ = {isa = PBXBuildFile; fileRef = 024DF6A42295FB1500F9DC93 /* BreedTableViewController.swift */; };
		024DF6A82296053100F9DC93 /* SubBreedTableViewController.swift in Sources */ = {isa = PBXBuildFile; fileRef = 024DF6A72296053100F9DC93 /* SubBreedTableViewController.swift */; };
		02C86D6722971C3A000470AA /* ImageCollectionViewController.swift in Sources */ = {isa = PBXBuildFile; fileRef = 02C86D6622971C3A000470AA /* ImageCollectionViewController.swift */; };
		02C86D69229756EB000470AA /* ImageCollectionViewCell.swift in Sources */ = {isa = PBXBuildFile; fileRef = 02C86D68229756EB000470AA /* ImageCollectionViewCell.swift */; };
/* End PBXBuildFile section */

/* Begin PBXFileReference section */
		024DF67D2295DE3600F9DC93 /* DogsC.app */ = {isa = PBXFileReference; explicitFileType = wrapper.application; includeInIndex = 0; path = DogsC.app; sourceTree = BUILT_PRODUCTS_DIR; };
		024DF6802295DE3600F9DC93 /* AppDelegate.h */ = {isa = PBXFileReference; lastKnownFileType = sourcecode.c.h; path = AppDelegate.h; sourceTree = "<group>"; };
		024DF6812295DE3600F9DC93 /* AppDelegate.m */ = {isa = PBXFileReference; lastKnownFileType = sourcecode.c.objc; path = AppDelegate.m; sourceTree = "<group>"; };
		024DF6872295DE3600F9DC93 /* Base */ = {isa = PBXFileReference; lastKnownFileType = file.storyboard; name = Base; path = Base.lproj/Main.storyboard; sourceTree = "<group>"; };
		024DF6892295DE3700F9DC93 /* Assets.xcassets */ = {isa = PBXFileReference; lastKnownFileType = folder.assetcatalog; path = Assets.xcassets; sourceTree = "<group>"; };
		024DF68C2295DE3700F9DC93 /* Base */ = {isa = PBXFileReference; lastKnownFileType = file.storyboard; name = Base; path = Base.lproj/LaunchScreen.storyboard; sourceTree = "<group>"; };
		024DF68E2295DE3700F9DC93 /* Info.plist */ = {isa = PBXFileReference; lastKnownFileType = text.plist.xml; path = Info.plist; sourceTree = "<group>"; };
		024DF68F2295DE3700F9DC93 /* main.m */ = {isa = PBXFileReference; lastKnownFileType = sourcecode.c.objc; path = main.m; sourceTree = "<group>"; };
		024DF6972295DF3800F9DC93 /* SRHBreed.h */ = {isa = PBXFileReference; lastKnownFileType = sourcecode.c.h; path = SRHBreed.h; sourceTree = "<group>"; };
		024DF6982295DF3800F9DC93 /* SRHBreed.m */ = {isa = PBXFileReference; lastKnownFileType = sourcecode.c.objc; path = SRHBreed.m; sourceTree = "<group>"; };
		024DF69A2295E30F00F9DC93 /* SRHSubBreed.h */ = {isa = PBXFileReference; lastKnownFileType = sourcecode.c.h; path = SRHSubBreed.h; sourceTree = "<group>"; };
		024DF69B2295E30F00F9DC93 /* SRHSubBreed.m */ = {isa = PBXFileReference; lastKnownFileType = sourcecode.c.objc; path = SRHSubBreed.m; sourceTree = "<group>"; };
		024DF69F2295EC0C00F9DC93 /* SRHBreedController.h */ = {isa = PBXFileReference; lastKnownFileType = sourcecode.c.h; path = SRHBreedController.h; sourceTree = "<group>"; };
		024DF6A02295EC0C00F9DC93 /* SRHBreedController.m */ = {isa = PBXFileReference; lastKnownFileType = sourcecode.c.objc; path = SRHBreedController.m; sourceTree = "<group>"; };
		024DF6A32295FB1500F9DC93 /* DogsC-Bridging-Header.h */ = {isa = PBXFileReference; lastKnownFileType = sourcecode.c.h; path = "DogsC-Bridging-Header.h"; sourceTree = "<group>"; };
		024DF6A42295FB1500F9DC93 /* BreedTableViewController.swift */ = {isa = PBXFileReference; lastKnownFileType = sourcecode.swift; path = BreedTableViewController.swift; sourceTree = "<group>"; };
		024DF6A72296053100F9DC93 /* SubBreedTableViewController.swift */ = {isa = PBXFileReference; lastKnownFileType = sourcecode.swift; path = SubBreedTableViewController.swift; sourceTree = "<group>"; };
		02C86D6622971C3A000470AA /* ImageCollectionViewController.swift */ = {isa = PBXFileReference; lastKnownFileType = sourcecode.swift; path = ImageCollectionViewController.swift; sourceTree = "<group>"; };
		02C86D68229756EB000470AA /* ImageCollectionViewCell.swift */ = {isa = PBXFileReference; lastKnownFileType = sourcecode.swift; path = ImageCollectionViewCell.swift; sourceTree = "<group>"; };
/* End PBXFileReference section */

/* Begin PBXFrameworksBuildPhase section */
		024DF67A2295DE3600F9DC93 /* Frameworks */ = {
			isa = PBXFrameworksBuildPhase;
			buildActionMask = 2147483647;
			files = (
			);
			runOnlyForDeploymentPostprocessing = 0;
		};
/* End PBXFrameworksBuildPhase section */

/* Begin PBXGroup section */
		024DF6742295DE3600F9DC93 = {
			isa = PBXGroup;
			children = (
				024DF67F2295DE3600F9DC93 /* DogsC */,
				024DF67E2295DE3600F9DC93 /* Products */,
			);
			sourceTree = "<group>";
		};
		024DF67E2295DE3600F9DC93 /* Products */ = {
			isa = PBXGroup;
			children = (
				024DF67D2295DE3600F9DC93 /* DogsC.app */,
			);
			name = Products;
			sourceTree = "<group>";
		};
		024DF67F2295DE3600F9DC93 /* DogsC */ = {
			isa = PBXGroup;
			children = (
				024DF6962295DE4800F9DC93 /* Resources */,
				024DF6862295DE3600F9DC93 /* Main.storyboard */,
				024DF6A6229604FF00F9DC93 /* ViewController */,
				024DF6A22295F6E100F9DC93 /* ModelController */,
				024DF69D2295E33400F9DC93 /* Models */,
				024DF6A32295FB1500F9DC93 /* DogsC-Bridging-Header.h */,
			);
			path = DogsC;
			sourceTree = "<group>";
		};
		024DF6962295DE4800F9DC93 /* Resources */ = {
			isa = PBXGroup;
			children = (
				024DF6892295DE3700F9DC93 /* Assets.xcassets */,
				024DF68B2295DE3700F9DC93 /* LaunchScreen.storyboard */,
				024DF68E2295DE3700F9DC93 /* Info.plist */,
				024DF68F2295DE3700F9DC93 /* main.m */,
				024DF6802295DE3600F9DC93 /* AppDelegate.h */,
				024DF6812295DE3600F9DC93 /* AppDelegate.m */,
			);
			path = Resources;
			sourceTree = "<group>";
		};
		024DF69D2295E33400F9DC93 /* Models */ = {
			isa = PBXGroup;
			children = (
				024DF69A2295E30F00F9DC93 /* SRHSubBreed.h */,
				024DF69B2295E30F00F9DC93 /* SRHSubBreed.m */,
				024DF6972295DF3800F9DC93 /* SRHBreed.h */,
				024DF6982295DF3800F9DC93 /* SRHBreed.m */,
			);
			path = Models;
			sourceTree = "<group>";
		};
		024DF6A22295F6E100F9DC93 /* ModelController */ = {
			isa = PBXGroup;
			children = (
				024DF69F2295EC0C00F9DC93 /* SRHBreedController.h */,
				024DF6A02295EC0C00F9DC93 /* SRHBreedController.m */,
			);
			path = ModelController;
			sourceTree = "<group>";
		};
		024DF6A6229604FF00F9DC93 /* ViewController */ = {
			isa = PBXGroup;
			children = (
				024DF6A42295FB1500F9DC93 /* BreedTableViewController.swift */,
				024DF6A72296053100F9DC93 /* SubBreedTableViewController.swift */,
				02C86D6622971C3A000470AA /* ImageCollectionViewController.swift */,
				02C86D68229756EB000470AA /* ImageCollectionViewCell.swift */,
			);
			path = ViewController;
			sourceTree = "<group>";
		};
/* End PBXGroup section */

/* Begin PBXNativeTarget section */
		024DF67C2295DE3600F9DC93 /* DogsC */ = {
			isa = PBXNativeTarget;
			buildConfigurationList = 024DF6932295DE3700F9DC93 /* Build configuration list for PBXNativeTarget "DogsC" */;
			buildPhases = (
				024DF6792295DE3600F9DC93 /* Sources */,
				024DF67A2295DE3600F9DC93 /* Frameworks */,
				024DF67B2295DE3600F9DC93 /* Resources */,
			);
			buildRules = (
			);
			dependencies = (
			);
			name = DogsC;
			productName = DogsC;
			productReference = 024DF67D2295DE3600F9DC93 /* DogsC.app */;
			productType = "com.apple.product-type.application";
		};
/* End PBXNativeTarget section */

/* Begin PBXProject section */
		024DF6752295DE3600F9DC93 /* Project object */ = {
			isa = PBXProject;
			attributes = {
				LastUpgradeCheck = 1020;
				ORGANIZATIONNAME = "Bobba Kadush";
				TargetAttributes = {
					024DF67C2295DE3600F9DC93 = {
						CreatedOnToolsVersion = 10.2.1;
						LastSwiftMigration = 1020;
					};
				};
			};
			buildConfigurationList = 024DF6782295DE3600F9DC93 /* Build configuration list for PBXProject "DogsC" */;
			compatibilityVersion = "Xcode 9.3";
			developmentRegion = en;
			hasScannedForEncodings = 0;
			knownRegions = (
				en,
				Base,
			);
			mainGroup = 024DF6742295DE3600F9DC93;
			productRefGroup = 024DF67E2295DE3600F9DC93 /* Products */;
			projectDirPath = "";
			projectRoot = "";
			targets = (
				024DF67C2295DE3600F9DC93 /* DogsC */,
			);
		};
/* End PBXProject section */

/* Begin PBXResourcesBuildPhase section */
		024DF67B2295DE3600F9DC93 /* Resources */ = {
			isa = PBXResourcesBuildPhase;
			buildActionMask = 2147483647;
			files = (
				024DF68D2295DE3700F9DC93 /* LaunchScreen.storyboard in Resources */,
				024DF68A2295DE3700F9DC93 /* Assets.xcassets in Resources */,
				024DF6882295DE3600F9DC93 /* Main.storyboard in Resources */,
			);
			runOnlyForDeploymentPostprocessing = 0;
		};
/* End PBXResourcesBuildPhase section */

/* Begin PBXSourcesBuildPhase section */
		024DF6792295DE3600F9DC93 /* Sources */ = {
			isa = PBXSourcesBuildPhase;
			buildActionMask = 2147483647;
			files = (
				024DF6A82296053100F9DC93 /* SubBreedTableViewController.swift in Sources */,
				024DF6902295DE3700F9DC93 /* main.m in Sources */,
				024DF69C2295E30F00F9DC93 /* SRHSubBreed.m in Sources */,
				024DF6A52295FB1500F9DC93 /* BreedTableViewController.swift in Sources */,
				02C86D6722971C3A000470AA /* ImageCollectionViewController.swift in Sources */,
				024DF6A12295EC0C00F9DC93 /* SRHBreedController.m in Sources */,
				02C86D69229756EB000470AA /* ImageCollectionViewCell.swift in Sources */,
				024DF6992295DF3800F9DC93 /* SRHBreed.m in Sources */,
				024DF6822295DE3600F9DC93 /* AppDelegate.m in Sources */,
			);
			runOnlyForDeploymentPostprocessing = 0;
		};
/* End PBXSourcesBuildPhase section */

/* Begin PBXVariantGroup section */
		024DF6862295DE3600F9DC93 /* Main.storyboard */ = {
			isa = PBXVariantGroup;
			children = (
				024DF6872295DE3600F9DC93 /* Base */,
			);
			name = Main.storyboard;
			sourceTree = "<group>";
		};
		024DF68B2295DE3700F9DC93 /* LaunchScreen.storyboard */ = {
			isa = PBXVariantGroup;
			children = (
				024DF68C2295DE3700F9DC93 /* Base */,
			);
			name = LaunchScreen.storyboard;
			sourceTree = "<group>";
		};
/* End PBXVariantGroup section */

/* Begin XCBuildConfiguration section */
		024DF6912295DE3700F9DC93 /* Debug */ = {
			isa = XCBuildConfiguration;
			buildSettings = {
				ALWAYS_SEARCH_USER_PATHS = NO;
				CLANG_ANALYZER_NONNULL = YES;
				CLANG_ANALYZER_NUMBER_OBJECT_CONVERSION = YES_AGGRESSIVE;
				CLANG_CXX_LANGUAGE_STANDARD = "gnu++14";
				CLANG_CXX_LIBRARY = "libc++";
				CLANG_ENABLE_MODULES = YES;
				CLANG_ENABLE_OBJC_ARC = YES;
				CLANG_ENABLE_OBJC_WEAK = YES;
				CLANG_WARN_BLOCK_CAPTURE_AUTORELEASING = YES;
				CLANG_WARN_BOOL_CONVERSION = YES;
				CLANG_WARN_COMMA = YES;
				CLANG_WARN_CONSTANT_CONVERSION = YES;
				CLANG_WARN_DEPRECATED_OBJC_IMPLEMENTATIONS = YES;
				CLANG_WARN_DIRECT_OBJC_ISA_USAGE = YES_ERROR;
				CLANG_WARN_DOCUMENTATION_COMMENTS = YES;
				CLANG_WARN_EMPTY_BODY = YES;
				CLANG_WARN_ENUM_CONVERSION = YES;
				CLANG_WARN_INFINITE_RECURSION = YES;
				CLANG_WARN_INT_CONVERSION = YES;
				CLANG_WARN_NON_LITERAL_NULL_CONVERSION = YES;
				CLANG_WARN_OBJC_IMPLICIT_RETAIN_SELF = YES;
				CLANG_WARN_OBJC_LITERAL_CONVERSION = YES;
				CLANG_WARN_OBJC_ROOT_CLASS = YES_ERROR;
				CLANG_WARN_RANGE_LOOP_ANALYSIS = YES;
				CLANG_WARN_STRICT_PROTOTYPES = YES;
				CLANG_WARN_SUSPICIOUS_MOVE = YES;
				CLANG_WARN_UNGUARDED_AVAILABILITY = YES_AGGRESSIVE;
				CLANG_WARN_UNREACHABLE_CODE = YES;
				CLANG_WARN__DUPLICATE_METHOD_MATCH = YES;
				CODE_SIGN_IDENTITY = "iPhone Developer";
				COPY_PHASE_STRIP = NO;
				DEBUG_INFORMATION_FORMAT = dwarf;
				ENABLE_STRICT_OBJC_MSGSEND = YES;
				ENABLE_TESTABILITY = YES;
				GCC_C_LANGUAGE_STANDARD = gnu11;
				GCC_DYNAMIC_NO_PIC = NO;
				GCC_NO_COMMON_BLOCKS = YES;
				GCC_OPTIMIZATION_LEVEL = 0;
				GCC_PREPROCESSOR_DEFINITIONS = (
					"DEBUG=1",
					"$(inherited)",
				);
				GCC_WARN_64_TO_32_BIT_CONVERSION = YES;
				GCC_WARN_ABOUT_RETURN_TYPE = YES_ERROR;
				GCC_WARN_UNDECLARED_SELECTOR = YES;
				GCC_WARN_UNINITIALIZED_AUTOS = YES_AGGRESSIVE;
				GCC_WARN_UNUSED_FUNCTION = YES;
				GCC_WARN_UNUSED_VARIABLE = YES;
				IPHONEOS_DEPLOYMENT_TARGET = 12.2;
				MTL_ENABLE_DEBUG_INFO = INCLUDE_SOURCE;
				MTL_FAST_MATH = YES;
				ONLY_ACTIVE_ARCH = YES;
				SDKROOT = iphoneos;
			};
			name = Debug;
		};
		024DF6922295DE3700F9DC93 /* Release */ = {
			isa = XCBuildConfiguration;
			buildSettings = {
				ALWAYS_SEARCH_USER_PATHS = NO;
				CLANG_ANALYZER_NONNULL = YES;
				CLANG_ANALYZER_NUMBER_OBJECT_CONVERSION = YES_AGGRESSIVE;
				CLANG_CXX_LANGUAGE_STANDARD = "gnu++14";
				CLANG_CXX_LIBRARY = "libc++";
				CLANG_ENABLE_MODULES = YES;
				CLANG_ENABLE_OBJC_ARC = YES;
				CLANG_ENABLE_OBJC_WEAK = YES;
				CLANG_WARN_BLOCK_CAPTURE_AUTORELEASING = YES;
				CLANG_WARN_BOOL_CONVERSION = YES;
				CLANG_WARN_COMMA = YES;
				CLANG_WARN_CONSTANT_CONVERSION = YES;
				CLANG_WARN_DEPRECATED_OBJC_IMPLEMENTATIONS = YES;
				CLANG_WARN_DIRECT_OBJC_ISA_USAGE = YES_ERROR;
				CLANG_WARN_DOCUMENTATION_COMMENTS = YES;
				CLANG_WARN_EMPTY_BODY = YES;
				CLANG_WARN_ENUM_CONVERSION = YES;
				CLANG_WARN_INFINITE_RECURSION = YES;
				CLANG_WARN_INT_CONVERSION = YES;
				CLANG_WARN_NON_LITERAL_NULL_CONVERSION = YES;
				CLANG_WARN_OBJC_IMPLICIT_RETAIN_SELF = YES;
				CLANG_WARN_OBJC_LITERAL_CONVERSION = YES;
				CLANG_WARN_OBJC_ROOT_CLASS = YES_ERROR;
				CLANG_WARN_RANGE_LOOP_ANALYSIS = YES;
				CLANG_WARN_STRICT_PROTOTYPES = YES;
				CLANG_WARN_SUSPICIOUS_MOVE = YES;
				CLANG_WARN_UNGUARDED_AVAILABILITY = YES_AGGRESSIVE;
				CLANG_WARN_UNREACHABLE_CODE = YES;
				CLANG_WARN__DUPLICATE_METHOD_MATCH = YES;
				CODE_SIGN_IDENTITY = "iPhone Developer";
				COPY_PHASE_STRIP = NO;
				DEBUG_INFORMATION_FORMAT = "dwarf-with-dsym";
				ENABLE_NS_ASSERTIONS = NO;
				ENABLE_STRICT_OBJC_MSGSEND = YES;
				GCC_C_LANGUAGE_STANDARD = gnu11;
				GCC_NO_COMMON_BLOCKS = YES;
				GCC_WARN_64_TO_32_BIT_CONVERSION = YES;
				GCC_WARN_ABOUT_RETURN_TYPE = YES_ERROR;
				GCC_WARN_UNDECLARED_SELECTOR = YES;
				GCC_WARN_UNINITIALIZED_AUTOS = YES_AGGRESSIVE;
				GCC_WARN_UNUSED_FUNCTION = YES;
				GCC_WARN_UNUSED_VARIABLE = YES;
				IPHONEOS_DEPLOYMENT_TARGET = 12.2;
				MTL_ENABLE_DEBUG_INFO = NO;
				MTL_FAST_MATH = YES;
				SDKROOT = iphoneos;
				VALIDATE_PRODUCT = YES;
			};
			name = Release;
		};
		024DF6942295DE3700F9DC93 /* Debug */ = {
			isa = XCBuildConfiguration;
			buildSettings = {
				ASSETCATALOG_COMPILER_APPICON_NAME = AppIcon;
				CLANG_ENABLE_MODULES = YES;
				CODE_SIGN_STYLE = Automatic;
				INFOPLIST_FILE = "$(SRCROOT)/DogsC/Resources/Info.plist";
				LD_RUNPATH_SEARCH_PATHS = (
					"$(inherited)",
					"@executable_path/Frameworks",
				);
				PRODUCT_BUNDLE_IDENTIFIER = com.srussellh.DogsC;
				PRODUCT_NAME = "$(TARGET_NAME)";
				SWIFT_OBJC_BRIDGING_HEADER = "DogsC/DogsC-Bridging-Header.h";
				SWIFT_OPTIMIZATION_LEVEL = "-Onone";
				SWIFT_VERSION = 5.0;
				TARGETED_DEVICE_FAMILY = "1,2";
			};
			name = Debug;
		};
		024DF6952295DE3700F9DC93 /* Release */ = {
			isa = XCBuildConfiguration;
			buildSettings = {
				ASSETCATALOG_COMPILER_APPICON_NAME = AppIcon;
				CLANG_ENABLE_MODULES = YES;
				CODE_SIGN_STYLE = Automatic;
				INFOPLIST_FILE = "$(SRCROOT)/DogsC/Resources/Info.plist";
				LD_RUNPATH_SEARCH_PATHS = (
					"$(inherited)",
					"@executable_path/Frameworks",
				);
				PRODUCT_BUNDLE_IDENTIFIER = com.srussellh.DogsC;
				PRODUCT_NAME = "$(TARGET_NAME)";
				SWIFT_OBJC_BRIDGING_HEADER = "DogsC/DogsC-Bridging-Header.h";
				SWIFT_VERSION = 5.0;
				TARGETED_DEVICE_FAMILY = "1,2";
			};
			name = Release;
		};
/* End XCBuildConfiguration section */

/* Begin XCConfigurationList section */
		024DF6782295DE3600F9DC93 /* Build configuration list for PBXProject "DogsC" */ = {
			isa = XCConfigurationList;
			buildConfigurations = (
				024DF6912295DE3700F9DC93 /* Debug */,
				024DF6922295DE3700F9DC93 /* Release */,
			);
			defaultConfigurationIsVisible = 0;
			defaultConfigurationName = Release;
		};
		024DF6932295DE3700F9DC93 /* Build configuration list for PBXNativeTarget "DogsC" */ = {
			isa = XCConfigurationList;
			buildConfigurations = (
				024DF6942295DE3700F9DC93 /* Debug */,
				024DF6952295DE3700F9DC93 /* Release */,
			);
			defaultConfigurationIsVisible = 0;
			defaultConfigurationName = Release;
		};
/* End XCConfigurationList section */
	};
	rootObject = 024DF6752295DE3600F9DC93 /* Project object */;
}
